{
  "originHash" : "2fafe649039c2c148afdad6f41c791f949890fd32e896e4fda9f505b3f73b7ff",
  "pins" : [
    {
      "identity" : "djinni",
      "kind" : "remoteSourceControl",
      "location" : "https://github.com/UbiqueInnovation/djinni.git",
      "state" : {
        "revision" : "01dd31c42ef00a63c839b6fd20cd4895903e0215",
        "version" : "1.0.7"
      }
    },
    {
      "identity" : "maps-core",
      "kind" : "remoteSourceControl",
      "location" : "https://github.com/openmobilemaps/maps-core",
      "state" : {
        "revision" : "b5a8c4f758fafcac477b41061e5cade06b50b0a0",
        "version" : "2.0.4"
      }
    }
  ],
  "version" : 3
}
