{
  "originHash" : "ec387899b55e69f42986ded2b8888dc5d8c4e2fa71f24567167b4c0bf511887f",
  "pins" : [
    {
      "identity" : "djinni",
      "kind" : "remoteSourceControl",
      "location" : "https://github.com/UbiqueInnovation/djinni.git",
      "state" : {
        "revision" : "4bc30b565a2a90a7863e7393243aac293b9f4073",
        "version" : "1.0.9"
      }
    },
    {
      "identity" : "maps-core",
      "kind" : "remoteSourceControl",
      "location" : "https://github.com/openmobilemaps/maps-core",
      "state" : {
        "revision" : "d83a94c86145d365e1e482d60c598e98e3f3177e",
        "version" : "3.1.3"
      }
    },
    {
      "identity" : "polyline",
      "kind" : "remoteSourceControl",
      "location" : "https://github.com/raphaelmor/Polyline",
      "state" : {
        "revision" : "353f80378dcd8f17eefe8550090c6b1ae3c9da23",
        "version" : "5.1.0"
      }
    }
  ],
  "version" : 3
}
