{
  "originHash" : "78ad0c98a7953394848429745b60e49da26b2dbe8548d95b8136d17574b95515",
  "pins" : [
    {
      "identity" : "djinni",
      "kind" : "remoteSourceControl",
      "location" : "https://github.com/UbiqueInnovation/djinni.git",
      "state" : {
        "revision" : "573dd5252eb402a68e492ce42167a21a7e0886f7",
        "version" : "1.0.6"
      }
    },
    {
      "identity" : "maps-core",
      "kind" : "remoteSourceControl",
      "location" : "https://github.com/openmobilemaps/maps-core",
      "state" : {
        "revision" : "d1e9c1e3372eda883910348f1e83c41c4980d2a0",
        "version" : "2.1.0"
      }
    }
  ],
  "version" : 3
}
