// !$*UTF8*$!
{
	archiveVersion = 1;
	classes = {
	};
	objectVersion = 56;
	objects = {

/* Begin PBXBuildFile section */
		9044072F2BA90CF80017B6FE /* OSMMapCoreFrameworkExampleApp.swift in Sources */ = {isa = PBXBuildFile; fileRef = 9044072E2BA90CF80017B6FE /* OSMMapCoreFrameworkExampleApp.swift */; };
		904407312BA90CF80017B6FE /* ContentView.swift in Sources */ = {isa = PBXBuildFile; fileRef = 904407302BA90CF80017B6FE /* ContentView.swift */; };
		904407332BA90CFA0017B6FE /* Assets.xcassets in Resources */ = {isa = PBXBuildFile; fileRef = 904407322BA90CFA0017B6FE /* Assets.xcassets */; };
		904407362BA90CFA0017B6FE /* Preview Assets.xcassets in Resources */ = {isa = PBXBuildFile; fileRef = 904407352BA90CFA0017B6FE /* Preview Assets.xcassets */; };
		904407592BA91E1E0017B6FE /* MapCoreView.swift in Sources */ = {isa = PBXBuildFile; fileRef = 904407582BA91E1E0017B6FE /* MapCoreView.swift */; };
		9044075B2BA920130017B6FE /* OSMFlutterFramework.framework in Frameworks */ = {isa = PBXBuildFile; fileRef = 9044075A2BA920130017B6FE /* OSMFlutterFramework.framework */; };
		9044075C2BA920130017B6FE /* OSMFlutterFramework.framework in Embed Frameworks */ = {isa = PBXBuildFile; fileRef = 9044075A2BA920130017B6FE /* OSMFlutterFramework.framework */; settings = {ATTRIBUTES = (CodeSignOnCopy, RemoveHeadersOnCopy, ); }; };
/* End PBXBuildFile section */

/* Begin PBXCopyFilesBuildPhase section */
		9044075D2BA920130017B6FE /* Embed Frameworks */ = {
			isa = PBXCopyFilesBuildPhase;
			buildActionMask = 2147483647;
			dstPath = "";
			dstSubfolderSpec = 10;
			files = (
				9044075C2BA920130017B6FE /* OSMFlutterFramework.framework in Embed Frameworks */,
			);
			name = "Embed Frameworks";
			runOnlyForDeploymentPostprocessing = 0;
		};
/* End PBXCopyFilesBuildPhase section */

/* Begin PBXFileReference section */
		9044072B2BA90CF80017B6FE /* OSMMapCoreFrameworkExample.app */ = {isa = PBXFileReference; explicitFileType = wrapper.application; includeInIndex = 0; path = OSMMapCoreFrameworkExample.app; sourceTree = BUILT_PRODUCTS_DIR; };
		9044072E2BA90CF80017B6FE /* OSMMapCoreFrameworkExampleApp.swift */ = {isa = PBXFileReference; lastKnownFileType = sourcecode.swift; path = OSMMapCoreFrameworkExampleApp.swift; sourceTree = "<group>"; };
		904407302BA90CF80017B6FE /* ContentView.swift */ = {isa = PBXFileReference; lastKnownFileType = sourcecode.swift; path = ContentView.swift; sourceTree = "<group>"; };
		904407322BA90CFA0017B6FE /* Assets.xcassets */ = {isa = PBXFileReference; lastKnownFileType = folder.assetcatalog; path = Assets.xcassets; sourceTree = "<group>"; };
		904407352BA90CFA0017B6FE /* Preview Assets.xcassets */ = {isa = PBXFileReference; lastKnownFileType = folder.assetcatalog; path = "Preview Assets.xcassets"; sourceTree = "<group>"; };
		904407532BA912070017B6FE /* OSMFlutterFramework.xcframework */ = {isa = PBXFileReference; lastKnownFileType = wrapper.xcframework; name = OSMFlutterFramework.xcframework; path = ../../DerivedData/OSMFlutterFramework/Build/Products/OSMFlutterFramework.xcframework; sourceTree = "<group>"; };
		904407572BA912300017B6FE /* OSMMapCoreFrameworkExample.entitlements */ = {isa = PBXFileReference; lastKnownFileType = text.plist.entitlements; path = OSMMapCoreFrameworkExample.entitlements; sourceTree = "<group>"; };
		904407582BA91E1E0017B6FE /* MapCoreView.swift */ = {isa = PBXFileReference; fileEncoding = 4; lastKnownFileType = sourcecode.swift; path = MapCoreView.swift; sourceTree = "<group>"; };
		9044075A2BA920130017B6FE /* OSMFlutterFramework.framework */ = {isa = PBXFileReference; explicitFileType = wrapper.framework; path = OSMFlutterFramework.framework; sourceTree = BUILT_PRODUCTS_DIR; };
/* End PBXFileReference section */

/* Begin PBXFrameworksBuildPhase section */
		904407282BA90CF80017B6FE /* Frameworks */ = {
			isa = PBXFrameworksBuildPhase;
			buildActionMask = 2147483647;
			files = (
				9044075B2BA920130017B6FE /* OSMFlutterFramework.framework in Frameworks */,
			);
			runOnlyForDeploymentPostprocessing = 0;
		};
/* End PBXFrameworksBuildPhase section */

/* Begin PBXGroup section */
		904407222BA90CF80017B6FE = {
			isa = PBXGroup;
			children = (
				9044072D2BA90CF80017B6FE /* OSMMapCoreFrameworkExample */,
				9044072C2BA90CF80017B6FE /* Products */,
				9044073C2BA90EFD0017B6FE /* Frameworks */,
			);
			sourceTree = "<group>";
		};
		9044072C2BA90CF80017B6FE /* Products */ = {
			isa = PBXGroup;
			children = (
				9044072B2BA90CF80017B6FE /* OSMMapCoreFrameworkExample.app */,
			);
			name = Products;
			sourceTree = "<group>";
		};
		9044072D2BA90CF80017B6FE /* OSMMapCoreFrameworkExample */ = {
			isa = PBXGroup;
			children = (
				904407582BA91E1E0017B6FE /* MapCoreView.swift */,
				904407572BA912300017B6FE /* OSMMapCoreFrameworkExample.entitlements */,
				9044072E2BA90CF80017B6FE /* OSMMapCoreFrameworkExampleApp.swift */,
				904407302BA90CF80017B6FE /* ContentView.swift */,
				904407322BA90CFA0017B6FE /* Assets.xcassets */,
				904407342BA90CFA0017B6FE /* Preview Content */,
			);
			path = OSMMapCoreFrameworkExample;
			sourceTree = "<group>";
		};
		904407342BA90CFA0017B6FE /* Preview Content */ = {
			isa = PBXGroup;
			children = (
				904407352BA90CFA0017B6FE /* Preview Assets.xcassets */,
			);
			path = "Preview Content";
			sourceTree = "<group>";
		};
		9044073C2BA90EFD0017B6FE /* Frameworks */ = {
			isa = PBXGroup;
			children = (
				9044075A2BA920130017B6FE /* OSMFlutterFramework.framework */,
				904407532BA912070017B6FE /* OSMFlutterFramework.xcframework */,
			);
			name = Frameworks;
			sourceTree = "<group>";
		};
/* End PBXGroup section */

/* Begin PBXNativeTarget section */
		9044072A2BA90CF80017B6FE /* OSMMapCoreFrameworkExample */ = {
			isa = PBXNativeTarget;
			buildConfigurationList = 904407392BA90CFA0017B6FE /* Build configuration list for PBXNativeTarget "OSMMapCoreFrameworkExample" */;
			buildPhases = (
				904407272BA90CF80017B6FE /* Sources */,
				904407282BA90CF80017B6FE /* Frameworks */,
				904407292BA90CF80017B6FE /* Resources */,
				9044075D2BA920130017B6FE /* Embed Frameworks */,
			);
			buildRules = (
			);
			dependencies = (
			);
			name = OSMMapCoreFrameworkExample;
			productName = OSMMapCoreFrameworkExample;
			productReference = 9044072B2BA90CF80017B6FE /* OSMMapCoreFrameworkExample.app */;
			productType = "com.apple.product-type.application";
		};
/* End PBXNativeTarget section */

/* Begin PBXProject section */
		904407232BA90CF80017B6FE /* Project object */ = {
			isa = PBXProject;
			attributes = {
				BuildIndependentTargetsInParallel = 1;
				LastSwiftUpdateCheck = 1530;
				LastUpgradeCheck = 1530;
				TargetAttributes = {
					9044072A2BA90CF80017B6FE = {
						CreatedOnToolsVersion = 15.3;
					};
				};
			};
			buildConfigurationList = 904407262BA90CF80017B6FE /* Build configuration list for PBXProject "OSMMapCoreFrameworkExample" */;
			compatibilityVersion = "Xcode 14.0";
			developmentRegion = en;
			hasScannedForEncodings = 0;
			knownRegions = (
				en,
				Base,
			);
			mainGroup = 904407222BA90CF80017B6FE;
			productRefGroup = 9044072C2BA90CF80017B6FE /* Products */;
			projectDirPath = "";
			projectRoot = "";
			targets = (
				9044072A2BA90CF80017B6FE /* OSMMapCoreFrameworkExample */,
			);
		};
/* End PBXProject section */

/* Begin PBXResourcesBuildPhase section */
		904407292BA90CF80017B6FE /* Resources */ = {
			isa = PBXResourcesBuildPhase;
			buildActionMask = 2147483647;
			files = (
				904407362BA90CFA0017B6FE /* Preview Assets.xcassets in Resources */,
				904407332BA90CFA0017B6FE /* Assets.xcassets in Resources */,
			);
			runOnlyForDeploymentPostprocessing = 0;
		};
/* End PBXResourcesBuildPhase section */

/* Begin PBXSourcesBuildPhase section */
		904407272BA90CF80017B6FE /* Sources */ = {
			isa = PBXSourcesBuildPhase;
			buildActionMask = 2147483647;
			files = (
				904407592BA91E1E0017B6FE /* MapCoreView.swift in Sources */,
				904407312BA90CF80017B6FE /* ContentView.swift in Sources */,
				9044072F2BA90CF80017B6FE /* OSMMapCoreFrameworkExampleApp.swift in Sources */,
			);
			runOnlyForDeploymentPostprocessing = 0;
		};
/* End PBXSourcesBuildPhase section */

/* Begin XCBuildConfiguration section */
		904407372BA90CFA0017B6FE /* Debug */ = {
			isa = XCBuildConfiguration;
			buildSettings = {
				ALWAYS_SEARCH_USER_PATHS = NO;
				ASSETCATALOG_COMPILER_GENERATE_SWIFT_ASSET_SYMBOL_EXTENSIONS = YES;
				CLANG_ANALYZER_NONNULL = YES;
				CLANG_ANALYZER_NUMBER_OBJECT_CONVERSION = YES_AGGRESSIVE;
				CLANG_CXX_LANGUAGE_STANDARD = "gnu++20";
				CLANG_ENABLE_MODULES = YES;
				CLANG_ENABLE_OBJC_ARC = YES;
				CLANG_ENABLE_OBJC_WEAK = YES;
				CLANG_WARN_BLOCK_CAPTURE_AUTORELEASING = YES;
				CLANG_WARN_BOOL_CONVERSION = YES;
				CLANG_WARN_COMMA = YES;
				CLANG_WARN_CONSTANT_CONVERSION = YES;
				CLANG_WARN_DEPRECATED_OBJC_IMPLEMENTATIONS = YES;
				CLANG_WARN_DIRECT_OBJC_ISA_USAGE = YES_ERROR;
				CLANG_WARN_DOCUMENTATION_COMMENTS = YES;
				CLANG_WARN_EMPTY_BODY = YES;
				CLANG_WARN_ENUM_CONVERSION = YES;
				CLANG_WARN_INFINITE_RECURSION = YES;
				CLANG_WARN_INT_CONVERSION = YES;
				CLANG_WARN_NON_LITERAL_NULL_CONVERSION = YES;
				CLANG_WARN_OBJC_IMPLICIT_RETAIN_SELF = YES;
				CLANG_WARN_OBJC_LITERAL_CONVERSION = YES;
				CLANG_WARN_OBJC_ROOT_CLASS = YES_ERROR;
				CLANG_WARN_QUOTED_INCLUDE_IN_FRAMEWORK_HEADER = YES;
				CLANG_WARN_RANGE_LOOP_ANALYSIS = YES;
				CLANG_WARN_STRICT_PROTOTYPES = YES;
				CLANG_WARN_SUSPICIOUS_MOVE = YES;
				CLANG_WARN_UNGUARDED_AVAILABILITY = YES_AGGRESSIVE;
				CLANG_WARN_UNREACHABLE_CODE = YES;
				CLANG_WARN__DUPLICATE_METHOD_MATCH = YES;
				COPY_PHASE_STRIP = NO;
				DEBUG_INFORMATION_FORMAT = dwarf;
				ENABLE_STRICT_OBJC_MSGSEND = YES;
				ENABLE_TESTABILITY = YES;
				ENABLE_USER_SCRIPT_SANDBOXING = YES;
				GCC_C_LANGUAGE_STANDARD = gnu17;
				GCC_DYNAMIC_NO_PIC = NO;
				GCC_NO_COMMON_BLOCKS = YES;
				GCC_OPTIMIZATION_LEVEL = 0;
				GCC_PREPROCESSOR_DEFINITIONS = (
					"DEBUG=1",
					"$(inherited)",
				);
				GCC_WARN_64_TO_32_BIT_CONVERSION = YES;
				GCC_WARN_ABOUT_RETURN_TYPE = YES_ERROR;
				GCC_WARN_UNDECLARED_SELECTOR = YES;
				GCC_WARN_UNINITIALIZED_AUTOS = YES_AGGRESSIVE;
				GCC_WARN_UNUSED_FUNCTION = YES;
				GCC_WARN_UNUSED_VARIABLE = YES;
				IPHONEOS_DEPLOYMENT_TARGET = 17.4;
				LOCALIZATION_PREFERS_STRING_CATALOGS = YES;
				MTL_ENABLE_DEBUG_INFO = INCLUDE_SOURCE;
				MTL_FAST_MATH = YES;
				ONLY_ACTIVE_ARCH = YES;
				SDKROOT = iphoneos;
				SWIFT_ACTIVE_COMPILATION_CONDITIONS = "DEBUG $(inherited)";
				SWIFT_OPTIMIZATION_LEVEL = "-Onone";
			};
			name = Debug;
		};
		904407382BA90CFA0017B6FE /* Release */ = {
			isa = XCBuildConfiguration;
			buildSettings = {
				ALWAYS_SEARCH_USER_PATHS = NO;
				ASSETCATALOG_COMPILER_GENERATE_SWIFT_ASSET_SYMBOL_EXTENSIONS = YES;
				CLANG_ANALYZER_NONNULL = YES;
				CLANG_ANALYZER_NUMBER_OBJECT_CONVERSION = YES_AGGRESSIVE;
				CLANG_CXX_LANGUAGE_STANDARD = "gnu++20";
				CLANG_ENABLE_MODULES = YES;
				CLANG_ENABLE_OBJC_ARC = YES;
				CLANG_ENABLE_OBJC_WEAK = YES;
				CLANG_WARN_BLOCK_CAPTURE_AUTORELEASING = YES;
				CLANG_WARN_BOOL_CONVERSION = YES;
				CLANG_WARN_COMMA = YES;
				CLANG_WARN_CONSTANT_CONVERSION = YES;
				CLANG_WARN_DEPRECATED_OBJC_IMPLEMENTATIONS = YES;
				CLANG_WARN_DIRECT_OBJC_ISA_USAGE = YES_ERROR;
				CLANG_WARN_DOCUMENTATION_COMMENTS = YES;
				CLANG_WARN_EMPTY_BODY = YES;
				CLANG_WARN_ENUM_CONVERSION = YES;
				CLANG_WARN_INFINITE_RECURSION = YES;
				CLANG_WARN_INT_CONVERSION = YES;
				CLANG_WARN_NON_LITERAL_NULL_CONVERSION = YES;
				CLANG_WARN_OBJC_IMPLICIT_RETAIN_SELF = YES;
				CLANG_WARN_OBJC_LITERAL_CONVERSION = YES;
				CLANG_WARN_OBJC_ROOT_CLASS = YES_ERROR;
				CLANG_WARN_QUOTED_INCLUDE_IN_FRAMEWORK_HEADER = YES;
				CLANG_WARN_RANGE_LOOP_ANALYSIS = YES;
				CLANG_WARN_STRICT_PROTOTYPES = YES;
				CLANG_WARN_SUSPICIOUS_MOVE = YES;
				CLANG_WARN_UNGUARDED_AVAILABILITY = YES_AGGRESSIVE;
				CLANG_WARN_UNREACHABLE_CODE = YES;
				CLANG_WARN__DUPLICATE_METHOD_MATCH = YES;
				COPY_PHASE_STRIP = NO;
				DEBUG_INFORMATION_FORMAT = "dwarf-with-dsym";
				ENABLE_NS_ASSERTIONS = NO;
				ENABLE_STRICT_OBJC_MSGSEND = YES;
				ENABLE_USER_SCRIPT_SANDBOXING = YES;
				GCC_C_LANGUAGE_STANDARD = gnu17;
				GCC_NO_COMMON_BLOCKS = YES;
				GCC_WARN_64_TO_32_BIT_CONVERSION = YES;
				GCC_WARN_ABOUT_RETURN_TYPE = YES_ERROR;
				GCC_WARN_UNDECLARED_SELECTOR = YES;
				GCC_WARN_UNINITIALIZED_AUTOS = YES_AGGRESSIVE;
				GCC_WARN_UNUSED_FUNCTION = YES;
				GCC_WARN_UNUSED_VARIABLE = YES;
				IPHONEOS_DEPLOYMENT_TARGET = 17.4;
				LOCALIZATION_PREFERS_STRING_CATALOGS = YES;
				MTL_ENABLE_DEBUG_INFO = NO;
				MTL_FAST_MATH = YES;
				SDKROOT = iphoneos;
				SWIFT_COMPILATION_MODE = wholemodule;
				VALIDATE_PRODUCT = YES;
			};
			name = Release;
		};
		9044073A2BA90CFA0017B6FE /* Debug */ = {
			isa = XCBuildConfiguration;
			buildSettings = {
				ASSETCATALOG_COMPILER_APPICON_NAME = AppIcon;
				ASSETCATALOG_COMPILER_GLOBAL_ACCENT_COLOR_NAME = AccentColor;
				CODE_SIGN_ENTITLEMENTS = OSMMapCoreFrameworkExample/OSMMapCoreFrameworkExample.entitlements;
				"CODE_SIGN_IDENTITY[sdk=macosx*]" = "-";
				CODE_SIGN_STYLE = Automatic;
				CURRENT_PROJECT_VERSION = 1;
				DEVELOPMENT_ASSET_PATHS = "\"OSMMapCoreFrameworkExample/Preview Content\"";
				DEVELOPMENT_TEAM = 47TCTNRU75;
				ENABLE_PREVIEWS = YES;
				GENERATE_INFOPLIST_FILE = YES;
				INFOPLIST_KEY_NSLocationAlwaysUsageDescription = "Track user location";
				INFOPLIST_KEY_NSLocationWhenInUseUsageDescription = "Track user location";
				INFOPLIST_KEY_UIApplicationSceneManifest_Generation = YES;
				INFOPLIST_KEY_UIApplicationSupportsIndirectInputEvents = YES;
				INFOPLIST_KEY_UILaunchScreen_Generation = YES;
				INFOPLIST_KEY_UISupportedInterfaceOrientations = UIInterfaceOrientationPortrait;
				INFOPLIST_KEY_UISupportedInterfaceOrientations_iPad = "UIInterfaceOrientationPortrait UIInterfaceOrientationPortraitUpsideDown";
				IPHONEOS_DEPLOYMENT_TARGET = 15.0;
				LD_RUNPATH_SEARCH_PATHS = (
					"$(inherited)",
					"@executable_path/Frameworks",
				);
				MARKETING_VERSION = 1.0;
				PRODUCT_BUNDLE_IDENTIFIER = hamza.dali.OSMMapCoreFrameworkExample;
				PRODUCT_NAME = "$(TARGET_NAME)";
				SUPPORTED_PLATFORMS = "iphoneos iphonesimulator";
				SUPPORTS_MACCATALYST = YES;
				SUPPORTS_MAC_DESIGNED_FOR_IPHONE_IPAD = NO;
				SUPPORTS_XR_DESIGNED_FOR_IPHONE_IPAD = NO;
				SWIFT_EMIT_LOC_STRINGS = YES;
				SWIFT_VERSION = 5.0;
				TARGETED_DEVICE_FAMILY = "1,2,6";
			};
			name = Debug;
		};
		9044073B2BA90CFA0017B6FE /* Release */ = {
			isa = XCBuildConfiguration;
			buildSettings = {
				ASSETCATALOG_COMPILER_APPICON_NAME = AppIcon;
				ASSETCATALOG_COMPILER_GLOBAL_ACCENT_COLOR_NAME = AccentColor;
				CODE_SIGN_ENTITLEMENTS = OSMMapCoreFrameworkExample/OSMMapCoreFrameworkExample.entitlements;
				"CODE_SIGN_IDENTITY[sdk=macosx*]" = "-";
				CODE_SIGN_STYLE = Automatic;
				CURRENT_PROJECT_VERSION = 1;
				DEVELOPMENT_ASSET_PATHS = "\"OSMMapCoreFrameworkExample/Preview Content\"";
				DEVELOPMENT_TEAM = 47TCTNRU75;
				ENABLE_PREVIEWS = YES;
				GENERATE_INFOPLIST_FILE = YES;
				INFOPLIST_KEY_NSLocationAlwaysUsageDescription = "Track user location";
				INFOPLIST_KEY_NSLocationWhenInUseUsageDescription = "Track user location";
				INFOPLIST_KEY_UIApplicationSceneManifest_Generation = YES;
				INFOPLIST_KEY_UIApplicationSupportsIndirectInputEvents = YES;
				INFOPLIST_KEY_UILaunchScreen_Generation = YES;
				INFOPLIST_KEY_UISupportedInterfaceOrientations = UIInterfaceOrientationPortrait;
				INFOPLIST_KEY_UISupportedInterfaceOrientations_iPad = "UIInterfaceOrientationPortrait UIInterfaceOrientationPortraitUpsideDown";
				IPHONEOS_DEPLOYMENT_TARGET = 15.0;
				LD_RUNPATH_SEARCH_PATHS = (
					"$(inherited)",
					"@executable_path/Frameworks",
				);
				MARKETING_VERSION = 1.0;
				PRODUCT_BUNDLE_IDENTIFIER = hamza.dali.OSMMapCoreFrameworkExample;
				PRODUCT_NAME = "$(TARGET_NAME)";
				SUPPORTED_PLATFORMS = "iphoneos iphonesimulator";
				SUPPORTS_MACCATALYST = YES;
				SUPPORTS_MAC_DESIGNED_FOR_IPHONE_IPAD = NO;
				SUPPORTS_XR_DESIGNED_FOR_IPHONE_IPAD = NO;
				SWIFT_EMIT_LOC_STRINGS = YES;
				SWIFT_VERSION = 5.0;
				TARGETED_DEVICE_FAMILY = "1,2,6";
			};
			name = Release;
		};
/* End XCBuildConfiguration section */

/* Begin XCConfigurationList section */
		904407262BA90CF80017B6FE /* Build configuration list for PBXProject "OSMMapCoreFrameworkExample" */ = {
			isa = XCConfigurationList;
			buildConfigurations = (
				904407372BA90CFA0017B6FE /* Debug */,
				904407382BA90CFA0017B6FE /* Release */,
			);
			defaultConfigurationIsVisible = 0;
			defaultConfigurationName = Release;
		};
		904407392BA90CFA0017B6FE /* Build configuration list for PBXNativeTarget "OSMMapCoreFrameworkExample" */ = {
			isa = XCConfigurationList;
			buildConfigurations = (
				9044073A2BA90CFA0017B6FE /* Debug */,
				9044073B2BA90CFA0017B6FE /* Release */,
			);
			defaultConfigurationIsVisible = 0;
			defaultConfigurationName = Release;
		};
/* End XCConfigurationList section */
	};
	rootObject = 904407232BA90CF80017B6FE /* Project object */;
}
