{
  "originHash" : "4f2317518d64a30e5dd1e6b103fa396bb802d29ff5f9d0cd076cf1178890aaf6",
  "pins" : [
    {
      "identity" : "alamofire",
      "kind" : "remoteSourceControl",
      "location" : "https://github.com/Alamofire/Alamofire.git",
      "state" : {
        "revision" : "f455c2975872ccd2d9c81594c658af65716e9b9a",
        "version" : "5.9.1"
      }
    },
    {
      "identity" : "djinni",
      "kind" : "remoteSourceControl",
      "location" : "https://github.com/UbiqueInnovation/djinni.git",
      "state" : {
        "revision" : "01dd31c42ef00a63c839b6fd20cd4895903e0215",
        "version" : "1.0.7"
      }
    },
    {
      "identity" : "maps-core",
      "kind" : "remoteSourceControl",
      "location" : "https://github.com/openmobilemaps/maps-core",
      "state" : {
        "revision" : "cea64807bd1b2eb184bf03ac5a6d16d18270b063",
        "version" : "2.5.1"
      }
    },
    {
      "identity" : "osrm-swift",
      "kind" : "remoteSourceControl",
      "location" : "https://github.com/liodali/osrm-swift",
      "state" : {
        "revision" : "fb657d23c9cedcb0d0ad61cfe20cfd56b316d2cf",
        "version" : "0.1.2"
      }
    },
    {
      "identity" : "polyline",
      "kind" : "remoteSourceControl",
      "location" : "https://github.com/raphaelmor/Polyline.git",
      "state" : {
        "revision" : "353f80378dcd8f17eefe8550090c6b1ae3c9da23",
        "version" : "5.1.0"
      }
    }
  ],
  "version" : 3
}
